
Microsoft Visual Studio Solution File, Format Version 12.00
# Visual Studio Version 16
VisualStudioVersion = 16.0.29324.140
MinimumVisualStudioVersion = 10.0.40219.1
Project("{FAE04EC0-301F-11D3-BF4B-00C04F79EFBC}") = "BindingGenerator", "BindingGenerator\BindingGenerator.csproj", "{7CA2BDA3-3653-49A7-8B26-643A2168A211}"
EndProject
Project("{9A19103F-16F7-4668-BE54-9A1E7A4F7556}") = "CppAst.CodeGen", "..\Submodules\CppAst.CodeGen\src\CppAst.CodeGen\CppAst.CodeGen.csproj", "{C3E6503F-A913-4E09-ADAE-0DF9F109D8D5}"
EndProject
Project("{9A19103F-16F7-4668-BE54-9A1E7A4F7556}") = "CppAst", "..\Submodules\CppAst.CodeGen\Submodules\CppAst\src\CppAst\CppAst.csproj", "{E62B8661-6A91-40B1-AE43-FF49D8C7E2C2}"
EndProject
Global
	GlobalSection(SolutionConfigurationPlatforms) = preSolution
		Debug|Any CPU = Debug|Any CPU
		Release|Any CPU = Release|Any CPU
	EndGlobalSection
	GlobalSection(ProjectConfigurationPlatforms) = postSolution
		{7CA2BDA3-3653-49A7-8B26-643A2168A211}.Debug|Any CPU.ActiveCfg = Debug|Any CPU
		{7CA2BDA3-3653-49A7-8B26-643A2168A211}.Debug|Any CPU.Build.0 = Debug|Any CPU
		{7CA2BDA3-3653-49A7-8B26-643A2168A211}.Release|Any CPU.ActiveCfg = Release|Any CPU
		{7CA2BDA3-3653-49A7-8B26-643A2168A211}.Release|Any CPU.Build.0 = Release|Any CPU
		{C3E6503F-A913-4E09-ADAE-0DF9F109D8D5}.Debug|Any CPU.ActiveCfg = Debug|Any CPU
		{C3E6503F-A913-4E09-ADAE-0DF9F109D8D5}.Debug|Any CPU.Build.0 = Debug|Any CPU
		{C3E6503F-A913-4E09-ADAE-0DF9F109D8D5}.Release|Any CPU.ActiveCfg = Release|Any CPU
		{C3E6503F-A913-4E09-ADAE-0DF9F109D8D5}.Release|Any CPU.Build.0 = Release|Any CPU
		{E62B8661-6A91-40B1-AE43-FF49D8C7E2C2}.Debug|Any CPU.ActiveCfg = Debug|Any CPU
		{E62B8661-6A91-40B1-AE43-FF49D8C7E2C2}.Debug|Any CPU.Build.0 = Debug|Any CPU
		{E62B8661-6A91-40B1-AE43-FF49D8C7E2C2}.Release|Any CPU.ActiveCfg = Release|Any CPU
		{E62B8661-6A91-40B1-AE43-FF49D8C7E2C2}.Release|Any CPU.Build.0 = Release|Any CPU
	EndGlobalSection
	GlobalSection(SolutionProperties) = preSolution
		HideSolutionNode = FALSE
	EndGlobalSection
	GlobalSection(ExtensibilityGlobals) = postSolution
		SolutionGuid = {AC60DA03-17DA-4B62-8627-A4202DC5A5D6}
	EndGlobalSection
EndGlobal
